
Microsoft Visual Studio Solution File, Format Version 12.00
# Visual Studio Version 16
VisualStudioVersion = 16.0.30309.148
MinimumVisualStudioVersion = 10.0.40219.1
Project("{9092AA53-FB77-4645-B42D-1CCCA6BD08BD}") = "note_api_rest", "note_api_rest.njsproj", "{6DB80684-F368-4A79-BFAD-9E4342F6C992}"
EndProject
Global
	GlobalSection(SolutionConfigurationPlatforms) = preSolution
		Debug|Any CPU = Debug|Any CPU
		Release|Any CPU = Release|Any CPU
	EndGlobalSection
	GlobalSection(ProjectConfigurationPlatforms) = postSolution
		{6DB80684-F368-4A79-BFAD-9E4342F6C992}.Debug|Any CPU.ActiveCfg = Debug|Any CPU
		{6DB80684-F368-4A79-BFAD-9E4342F6C992}.Debug|Any CPU.Build.0 = Debug|Any CPU
		{6DB80684-F368-4A79-BFAD-9E4342F6C992}.Release|Any CPU.ActiveCfg = Release|Any CPU
		{6DB80684-F368-4A79-BFAD-9E4342F6C992}.Release|Any CPU.Build.0 = Release|Any CPU
	EndGlobalSection
	GlobalSection(SolutionProperties) = preSolution
		HideSolutionNode = FALSE
	EndGlobalSection
	GlobalSection(ExtensibilityGlobals) = postSolution
		SolutionGuid = {B962A77E-172B-4559-9C6B-CFA1FCDF384C}
	EndGlobalSection
EndGlobal
